
Microsoft Visual Studio Solution File, Format Version 12.00
# Visual Studio Version 16
VisualStudioVersion = 16.0.30804.86
MinimumVisualStudioVersion = 10.0.40219.1
Project("{FAE04EC0-301F-11D3-BF4B-00C04F79EFBC}") = "WpfApp1", "WpfApp1\WpfApp1.csproj", "{086BC6ED-88A3-4AAA-911C-0B74E77B9395}"
EndProject
Global
	GlobalSection(SolutionConfigurationPlatforms) = preSolution
		Debug|Any CPU = Debug|Any CPU
		Release|Any CPU = Release|Any CPU
	EndGlobalSection
	GlobalSection(ProjectConfigurationPlatforms) = postSolution
		{086BC6ED-88A3-4AAA-911C-0B74E77B9395}.Debug|Any CPU.ActiveCfg = Debug|Any CPU
		{086BC6ED-88A3-4AAA-911C-0B74E77B9395}.Debug|Any CPU.Build.0 = Debug|Any CPU
		{086BC6ED-88A3-4AAA-911C-0B74E77B9395}.Release|Any CPU.ActiveCfg = Release|Any CPU
		{086BC6ED-88A3-4AAA-911C-0B74E77B9395}.Release|Any CPU.Build.0 = Release|Any CPU
	EndGlobalSection
	GlobalSection(SolutionProperties) = preSolution
		HideSolutionNode = FALSE
	EndGlobalSection
	GlobalSection(ExtensibilityGlobals) = postSolution
		SolutionGuid = {A593A6C9-67B3-458B-89EF-8242353A95F9}
	EndGlobalSection
EndGlobal
